PODS:
  - Alamofire (4.8.1)
  - PinLayout (1.8.6)

DEPENDENCIES:
  - Alamofire
  - PinLayout

SPEC REPOS:
  https://github.com/cocoapods/specs.git:
    - Alamofire
    - PinLayout

SPEC CHECKSUMS:
  Alamofire: 16ce2c353fb72865124ddae8a57c5942388f4f11
  PinLayout: fe2a2432d6982588e208572005c941aeeae417ab

PODFILE CHECKSUM: 0e3ab8a6fdd59ec1bc9645677530d265a7dae920

COCOAPODS: 1.5.3
